
Microsoft Visual Studio Solution File, Format Version 12.00
# Visual Studio 15
VisualStudioVersion = 15.0.26730.16
MinimumVisualStudioVersion = 10.0.40219.1
Project("{FAE04EC0-301F-11D3-BF4B-00C04F79EFBC}") = "Formula", "Formula\Formula.csproj", "{70E2A861-1CC2-421E-A951-33330855FFD6}"
EndProject
Project("{FAE04EC0-301F-11D3-BF4B-00C04F79EFBC}") = "FormulaTester", "FormulaTester\FormulaTester.csproj", "{D696CE8C-C7FC-4120-8E67-398503C56562}"
EndProject
Global
	GlobalSection(SolutionConfigurationPlatforms) = preSolution
		Debug|Any CPU = Debug|Any CPU
		Release|Any CPU = Release|Any CPU
	EndGlobalSection
	GlobalSection(ProjectConfigurationPlatforms) = postSolution
		{70E2A861-1CC2-421E-A951-33330855FFD6}.Debug|Any CPU.ActiveCfg = Debug|Any CPU
		{70E2A861-1CC2-421E-A951-33330855FFD6}.Debug|Any CPU.Build.0 = Debug|Any CPU
		{70E2A861-1CC2-421E-A951-33330855FFD6}.Release|Any CPU.ActiveCfg = Release|Any CPU
		{70E2A861-1CC2-421E-A951-33330855FFD6}.Release|Any CPU.Build.0 = Release|Any CPU
		{D696CE8C-C7FC-4120-8E67-398503C56562}.Debug|Any CPU.ActiveCfg = Debug|Any CPU
		{D696CE8C-C7FC-4120-8E67-398503C56562}.Debug|Any CPU.Build.0 = Debug|Any CPU
		{D696CE8C-C7FC-4120-8E67-398503C56562}.Release|Any CPU.ActiveCfg = Release|Any CPU
		{D696CE8C-C7FC-4120-8E67-398503C56562}.Release|Any CPU.Build.0 = Release|Any CPU
	EndGlobalSection
	GlobalSection(SolutionProperties) = preSolution
		HideSolutionNode = FALSE
	EndGlobalSection
	GlobalSection(ExtensibilityGlobals) = postSolution
		SolutionGuid = {4E44977E-19FF-4129-ACD2-5FF3E0AC1428}
	EndGlobalSection
EndGlobal
